
Microsoft Visual Studio Solution File, Format Version 12.00
# Visual Studio Version 16
VisualStudioVersion = 16.0.29418.71
MinimumVisualStudioVersion = 10.0.40219.1
Project("{2150E333-8FDC-42A3-9474-1A3956D46DE8}") = "Solution Items", "Solution Items", "{33B6F798-ABD3-4C41-B5F9-944757666CD7}"
	ProjectSection(SolutionItems) = preProject
		.editorconfig = .editorconfig
	EndProjectSection
EndProject
Project("{9A19103F-16F7-4668-BE54-9A1E7A4F7556}") = "PokerTyperConsole", "PokerTyperConsole\PokerTyperConsole.csproj", "{259B1769-CFB8-43C2-8D14-276EC14067E1}"
EndProject
Project("{9A19103F-16F7-4668-BE54-9A1E7A4F7556}") = "PokeTyper", "PokeTyper\PokeTyper.csproj", "{1C527B98-462E-4F3E-8001-CA2B4A8851BF}"
EndProject
Global
	GlobalSection(SolutionConfigurationPlatforms) = preSolution
		Debug|Any CPU = Debug|Any CPU
		Release|Any CPU = Release|Any CPU
	EndGlobalSection
	GlobalSection(ProjectConfigurationPlatforms) = postSolution
		{259B1769-CFB8-43C2-8D14-276EC14067E1}.Debug|Any CPU.ActiveCfg = Debug|Any CPU
		{259B1769-CFB8-43C2-8D14-276EC14067E1}.Debug|Any CPU.Build.0 = Debug|Any CPU
		{259B1769-CFB8-43C2-8D14-276EC14067E1}.Release|Any CPU.ActiveCfg = Release|Any CPU
		{259B1769-CFB8-43C2-8D14-276EC14067E1}.Release|Any CPU.Build.0 = Release|Any CPU
		{1C527B98-462E-4F3E-8001-CA2B4A8851BF}.Debug|Any CPU.ActiveCfg = Debug|Any CPU
		{1C527B98-462E-4F3E-8001-CA2B4A8851BF}.Debug|Any CPU.Build.0 = Debug|Any CPU
		{1C527B98-462E-4F3E-8001-CA2B4A8851BF}.Release|Any CPU.ActiveCfg = Release|Any CPU
		{1C527B98-462E-4F3E-8001-CA2B4A8851BF}.Release|Any CPU.Build.0 = Release|Any CPU
	EndGlobalSection
	GlobalSection(SolutionProperties) = preSolution
		HideSolutionNode = FALSE
	EndGlobalSection
	GlobalSection(ExtensibilityGlobals) = postSolution
		SolutionGuid = {DE5160DA-CB91-4C46-B70D-82A8974650DA}
	EndGlobalSection
EndGlobal
